Microsoft Visual Studio Solution File, Format Version 11.00
# Visual Studio 2008

Project("{A78B1AC1-6C0C-D021-6809-7FC9A9BD7604}") = "Hand", "Assembly-CSharp.csproj", "{E0BCDA70-C7F0-7A1D-9DED-3109E253AC12}"
EndProject
Project("{A78B1AC1-6C0C-D021-6809-7FC9A9BD7604}") = "Hand", "Assembly-CSharp-Editor.csproj", "{BE7CD443-EB92-74D0-7908-DD0966F1DCAD}"
EndProject
Global
	GlobalSection(SolutionConfigurationPlatforms) = preSolution
		Debug|Any CPU = Debug|Any CPU
		Release|Any CPU = Release|Any CPU
	EndGlobalSection
	GlobalSection(ProjectConfigurationPlatforms) = postSolution
		{E0BCDA70-C7F0-7A1D-9DED-3109E253AC12}.Debug|Any CPU.ActiveCfg = Debug|Any CPU
		{E0BCDA70-C7F0-7A1D-9DED-3109E253AC12}.Debug|Any CPU.Build.0 = Debug|Any CPU
		{E0BCDA70-C7F0-7A1D-9DED-3109E253AC12}.Release|Any CPU.ActiveCfg = Release|Any CPU
		{E0BCDA70-C7F0-7A1D-9DED-3109E253AC12}.Release|Any CPU.Build.0 = Release|Any CPU
		{BE7CD443-EB92-74D0-7908-DD0966F1DCAD}.Debug|Any CPU.ActiveCfg = Debug|Any CPU
		{BE7CD443-EB92-74D0-7908-DD0966F1DCAD}.Debug|Any CPU.Build.0 = Debug|Any CPU
		{BE7CD443-EB92-74D0-7908-DD0966F1DCAD}.Release|Any CPU.ActiveCfg = Release|Any CPU
		{BE7CD443-EB92-74D0-7908-DD0966F1DCAD}.Release|Any CPU.Build.0 = Release|Any CPU
	EndGlobalSection
	GlobalSection(SolutionProperties) = preSolution
		HideSolutionNode = FALSE
	EndGlobalSection
	GlobalSection(MonoDevelopProperties) = preSolution
		StartupItem = Assembly-CSharp.csproj
	EndGlobalSection
EndGlobal
